
Microsoft Visual Studio Solution File, Format Version 12.00
# Visual Studio 15
Project("{FAE04EC0-301F-11D3-BF4B-00C04F79EFBC}") = "Pets", "Pets\Pets.csproj", "{127AE2FA-1D08-4D65-9357-A434EEB1EBE7}"
EndProject
Project("{2150E333-8FDC-42A3-9474-1A3956D46DE8}") = "Solution Items", "Solution Items", "{53EAE22E-56FE-4C39-9132-3757501B3553}"
EndProject
Global
	GlobalSection(SolutionConfigurationPlatforms) = preSolution
		Debug|Any CPU = Debug|Any CPU
		Release|Any CPU = Release|Any CPU
	EndGlobalSection
	GlobalSection(ProjectConfigurationPlatforms) = postSolution
		{127AE2FA-1D08-4D65-9357-A434EEB1EBE7}.Debug|Any CPU.ActiveCfg = Debug|Any CPU
		{127AE2FA-1D08-4D65-9357-A434EEB1EBE7}.Debug|Any CPU.Build.0 = Debug|Any CPU
		{127AE2FA-1D08-4D65-9357-A434EEB1EBE7}.Release|Any CPU.ActiveCfg = Release|Any CPU
		{127AE2FA-1D08-4D65-9357-A434EEB1EBE7}.Release|Any CPU.Build.0 = Release|Any CPU
	EndGlobalSection
EndGlobal
